
Microsoft Visual Studio Solution File, Format Version 12.00
# Visual Studio 2012
Project("{FAE04EC0-301F-11D3-BF4B-00C04F79EFBC}") = "DIAGraficos", "DIAGraficos\DIAGraficos.csproj", "{463ED88B-60F6-445B-ADE0-E934C784C3FC}"
EndProject
Project("{FAE04EC0-301F-11D3-BF4B-00C04F79EFBC}") = "MainApp", "MainApp\MainApp.csproj", "{910BC21A-8F7A-46C9-B021-84489748A568}"
EndProject
Project("{FAE04EC0-301F-11D3-BF4B-00C04F79EFBC}") = "ModuloCalendario", "ModuloCalendario\ModuloCalendario.csproj", "{16024BB4-0BE4-4C66-8446-72DDCB00178A}"
EndProject
Project("{FAE04EC0-301F-11D3-BF4B-00C04F79EFBC}") = "ModuloEjercicio", "ModuloEjercicio\ModuloEjercicio.csproj", "{2F78EC59-FBA1-4BE3-9DDA-903E013BFD07}"
EndProject
Project("{FAE04EC0-301F-11D3-BF4B-00C04F79EFBC}") = "ModuloMedidas", "ModuloMedidas\ModuloMedidas.csproj", "{17771AE0-12F7-4DFF-B7A1-9DB9049D3620}"
EndProject
Project("{FAE04EC0-301F-11D3-BF4B-00C04F79EFBC}") = "Notas", "Notas\Notas.csproj", "{4B6A13AD-10CD-42C8-87C4-EB51D33A5750}"
EndProject
Global
	GlobalSection(SolutionConfigurationPlatforms) = preSolution
		Debug|x86 = Debug|x86
		Release|x86 = Release|x86
	EndGlobalSection
	GlobalSection(ProjectConfigurationPlatforms) = postSolution
		{463ED88B-60F6-445B-ADE0-E934C784C3FC}.Debug|x86.ActiveCfg = Debug|x86
		{463ED88B-60F6-445B-ADE0-E934C784C3FC}.Debug|x86.Build.0 = Debug|x86
		{463ED88B-60F6-445B-ADE0-E934C784C3FC}.Release|x86.ActiveCfg = Release|x86
		{463ED88B-60F6-445B-ADE0-E934C784C3FC}.Release|x86.Build.0 = Release|x86
		{910BC21A-8F7A-46C9-B021-84489748A568}.Debug|x86.ActiveCfg = Debug|x86
		{910BC21A-8F7A-46C9-B021-84489748A568}.Debug|x86.Build.0 = Debug|x86
		{910BC21A-8F7A-46C9-B021-84489748A568}.Release|x86.ActiveCfg = Release|x86
		{910BC21A-8F7A-46C9-B021-84489748A568}.Release|x86.Build.0 = Release|x86
		{16024BB4-0BE4-4C66-8446-72DDCB00178A}.Debug|x86.ActiveCfg = Debug|x86
		{16024BB4-0BE4-4C66-8446-72DDCB00178A}.Debug|x86.Build.0 = Debug|x86
		{16024BB4-0BE4-4C66-8446-72DDCB00178A}.Release|x86.ActiveCfg = Release|x86
		{16024BB4-0BE4-4C66-8446-72DDCB00178A}.Release|x86.Build.0 = Release|x86
		{2F78EC59-FBA1-4BE3-9DDA-903E013BFD07}.Debug|x86.ActiveCfg = Debug|x86
		{2F78EC59-FBA1-4BE3-9DDA-903E013BFD07}.Debug|x86.Build.0 = Debug|x86
		{2F78EC59-FBA1-4BE3-9DDA-903E013BFD07}.Release|x86.ActiveCfg = Release|x86
		{2F78EC59-FBA1-4BE3-9DDA-903E013BFD07}.Release|x86.Build.0 = Release|x86
		{17771AE0-12F7-4DFF-B7A1-9DB9049D3620}.Debug|x86.ActiveCfg = Debug|x86
		{17771AE0-12F7-4DFF-B7A1-9DB9049D3620}.Debug|x86.Build.0 = Debug|x86
		{17771AE0-12F7-4DFF-B7A1-9DB9049D3620}.Release|x86.ActiveCfg = Release|x86
		{17771AE0-12F7-4DFF-B7A1-9DB9049D3620}.Release|x86.Build.0 = Release|x86
		{4B6A13AD-10CD-42C8-87C4-EB51D33A5750}.Debug|x86.ActiveCfg = Debug|x86
		{4B6A13AD-10CD-42C8-87C4-EB51D33A5750}.Debug|x86.Build.0 = Debug|x86
		{4B6A13AD-10CD-42C8-87C4-EB51D33A5750}.Release|x86.ActiveCfg = Release|x86
		{4B6A13AD-10CD-42C8-87C4-EB51D33A5750}.Release|x86.Build.0 = Release|x86
	EndGlobalSection
EndGlobal
